
Microsoft Visual Studio Solution File, Format Version 12.00
# Visual Studio Version 17
VisualStudioVersion = 17.9.34622.214
MinimumVisualStudioVersion = 10.0.40219.1
Project("{9A19103F-16F7-4668-BE54-9A1E7A4F7556}") = "freelance", "freelance\freelance.csproj", "{A89D7823-4211-4B6B-88A5-C8895311A17F}"
EndProject
Project("{9A19103F-16F7-4668-BE54-9A1E7A4F7556}") = "UnitTestProject", "UnitTestProject\UnitTestProject.csproj", "{14F22082-7DF6-4481-839B-DBA1A0619F6C}"
EndProject
Global
	GlobalSection(SolutionConfigurationPlatforms) = preSolution
		Debug|Any CPU = Debug|Any CPU
		Release|Any CPU = Release|Any CPU
	EndGlobalSection
	GlobalSection(ProjectConfigurationPlatforms) = postSolution
		{A89D7823-4211-4B6B-88A5-C8895311A17F}.Debug|Any CPU.ActiveCfg = Debug|Any CPU
		{A89D7823-4211-4B6B-88A5-C8895311A17F}.Debug|Any CPU.Build.0 = Debug|Any CPU
		{A89D7823-4211-4B6B-88A5-C8895311A17F}.Release|Any CPU.ActiveCfg = Release|Any CPU
		{A89D7823-4211-4B6B-88A5-C8895311A17F}.Release|Any CPU.Build.0 = Release|Any CPU
		{14F22082-7DF6-4481-839B-DBA1A0619F6C}.Debug|Any CPU.ActiveCfg = Debug|Any CPU
		{14F22082-7DF6-4481-839B-DBA1A0619F6C}.Debug|Any CPU.Build.0 = Debug|Any CPU
		{14F22082-7DF6-4481-839B-DBA1A0619F6C}.Release|Any CPU.ActiveCfg = Release|Any CPU
		{14F22082-7DF6-4481-839B-DBA1A0619F6C}.Release|Any CPU.Build.0 = Release|Any CPU
	EndGlobalSection
	GlobalSection(SolutionProperties) = preSolution
		HideSolutionNode = FALSE
	EndGlobalSection
	GlobalSection(ExtensibilityGlobals) = postSolution
		SolutionGuid = {009AB26F-A419-46A4-8074-51AFE32CF174}
	EndGlobalSection
EndGlobal
